
Microsoft Visual Studio Solution File, Format Version 12.00
# Visual Studio Version 16
VisualStudioVersion = 16.0.30907.101
MinimumVisualStudioVersion = 10.0.40219.1
Project("{9A19103F-16F7-4668-BE54-9A1E7A4F7556}") = "DesafioVerticore", "DesafioVerticore\DesafioVerticore.csproj", "{71378130-E2E7-4AAF-82E0-5735E27B2309}"
EndProject
Project("{FAE04EC0-301F-11D3-BF4B-00C04F79EFBC}") = "DesafioVerticore.Tests", "DesafioVerticore.Tests\DesafioVerticore.Tests.csproj", "{8CB47C68-8413-4E00-ABAE-F3A0B4361399}"
EndProject
Global
	GlobalSection(SolutionConfigurationPlatforms) = preSolution
		Debug|Any CPU = Debug|Any CPU
		Release|Any CPU = Release|Any CPU
	EndGlobalSection
	GlobalSection(ProjectConfigurationPlatforms) = postSolution
		{71378130-E2E7-4AAF-82E0-5735E27B2309}.Debug|Any CPU.ActiveCfg = Debug|Any CPU
		{71378130-E2E7-4AAF-82E0-5735E27B2309}.Debug|Any CPU.Build.0 = Debug|Any CPU
		{71378130-E2E7-4AAF-82E0-5735E27B2309}.Release|Any CPU.ActiveCfg = Release|Any CPU
		{71378130-E2E7-4AAF-82E0-5735E27B2309}.Release|Any CPU.Build.0 = Release|Any CPU
		{8CB47C68-8413-4E00-ABAE-F3A0B4361399}.Debug|Any CPU.ActiveCfg = Debug|Any CPU
		{8CB47C68-8413-4E00-ABAE-F3A0B4361399}.Debug|Any CPU.Build.0 = Debug|Any CPU
		{8CB47C68-8413-4E00-ABAE-F3A0B4361399}.Release|Any CPU.ActiveCfg = Release|Any CPU
		{8CB47C68-8413-4E00-ABAE-F3A0B4361399}.Release|Any CPU.Build.0 = Release|Any CPU
	EndGlobalSection
	GlobalSection(SolutionProperties) = preSolution
		HideSolutionNode = FALSE
	EndGlobalSection
	GlobalSection(ExtensibilityGlobals) = postSolution
		SolutionGuid = {A50CCEBB-2126-4AB4-80CA-E0B140453A98}
	EndGlobalSection
EndGlobal
